
Microsoft Visual Studio Solution File, Format Version 12.00
# Visual Studio 15
VisualStudioVersion = 15.0.28307.421
MinimumVisualStudioVersion = 10.0.40219.1
Project("{FAE04EC0-301F-11D3-BF4B-00C04F79EFBC}") = "CardioLibrary", "CardioLibrary\CardioLibrary.csproj", "{BC2412A6-19CE-485A-9C46-718C67A63D99}"
EndProject
Project("{FAE04EC0-301F-11D3-BF4B-00C04F79EFBC}") = "DataCardio.test", "DataCardio.test\DataCardio.test.csproj", "{F7772408-8E67-42F7-9517-8D890D98C38A}"
EndProject
Global
	GlobalSection(SolutionConfigurationPlatforms) = preSolution
		Debug|Any CPU = Debug|Any CPU
		Release|Any CPU = Release|Any CPU
	EndGlobalSection
	GlobalSection(ProjectConfigurationPlatforms) = postSolution
		{BC2412A6-19CE-485A-9C46-718C67A63D99}.Debug|Any CPU.ActiveCfg = Debug|Any CPU
		{BC2412A6-19CE-485A-9C46-718C67A63D99}.Debug|Any CPU.Build.0 = Debug|Any CPU
		{BC2412A6-19CE-485A-9C46-718C67A63D99}.Release|Any CPU.ActiveCfg = Release|Any CPU
		{BC2412A6-19CE-485A-9C46-718C67A63D99}.Release|Any CPU.Build.0 = Release|Any CPU
		{F7772408-8E67-42F7-9517-8D890D98C38A}.Debug|Any CPU.ActiveCfg = Debug|Any CPU
		{F7772408-8E67-42F7-9517-8D890D98C38A}.Debug|Any CPU.Build.0 = Debug|Any CPU
		{F7772408-8E67-42F7-9517-8D890D98C38A}.Release|Any CPU.ActiveCfg = Release|Any CPU
		{F7772408-8E67-42F7-9517-8D890D98C38A}.Release|Any CPU.Build.0 = Release|Any CPU
	EndGlobalSection
	GlobalSection(SolutionProperties) = preSolution
		HideSolutionNode = FALSE
	EndGlobalSection
	GlobalSection(ExtensibilityGlobals) = postSolution
		SolutionGuid = {4DF24540-BFE0-44C3-9F04-A87066EC07BC}
	EndGlobalSection
EndGlobal
